// !$*UTF8*$!
{
	archiveVersion = 1;
	classes = {
	};
	objectVersion = 55;
	objects = {

/* Begin PBXBuildFile section */
		E37839662BB234A600B75D38 /* CircleImage.swift in Sources */ = {isa = PBXBuildFile; fileRef = E37839652BB234A600B75D38 /* CircleImage.swift */; };
		E37839682BB2366C00B75D38 /* MapView.swift in Sources */ = {isa = PBXBuildFile; fileRef = E37839672BB2366C00B75D38 /* MapView.swift */; };
		E378396A2BB23C5E00B75D38 /* landmarkData.json in Resources */ = {isa = PBXBuildFile; fileRef = E37839692BB23C5D00B75D38 /* landmarkData.json */; };
		E378396C2BB23C7F00B75D38 /* Landmark.swift in Sources */ = {isa = PBXBuildFile; fileRef = E378396B2BB23C7F00B75D38 /* Landmark.swift */; };
		E378396E2BB2401100B75D38 /* ModelData.swift in Sources */ = {isa = PBXBuildFile; fileRef = E378396D2BB2401100B75D38 /* ModelData.swift */; };
		E378397A2BB2423000B75D38 /* LandmarkRow.swift in Sources */ = {isa = PBXBuildFile; fileRef = E37839792BB2423000B75D38 /* LandmarkRow.swift */; };
		E378397C2BB246B200B75D38 /* LandmarkList.swift in Sources */ = {isa = PBXBuildFile; fileRef = E378397B2BB246B200B75D38 /* LandmarkList.swift */; };
		E378397E2BB247F600B75D38 /* LandmarkDetail.swift in Sources */ = {isa = PBXBuildFile; fileRef = E378397D2BB247F600B75D38 /* LandmarkDetail.swift */; };
		E37839802BB25FA300B75D38 /* FavoriteButton.swift in Sources */ = {isa = PBXBuildFile; fileRef = E378397F2BB25FA100B75D38 /* FavoriteButton.swift */; };
		E3AED3A22BB22AE000616890 /* LandmarkApp.swift in Sources */ = {isa = PBXBuildFile; fileRef = E3AED3A12BB22AE000616890 /* LandmarkApp.swift */; };
		E3AED3A42BB22AE000616890 /* ContentView.swift in Sources */ = {isa = PBXBuildFile; fileRef = E3AED3A32BB22AE000616890 /* ContentView.swift */; };
		E3AED3A62BB22AE600616890 /* Assets.xcassets in Resources */ = {isa = PBXBuildFile; fileRef = E3AED3A52BB22AE600616890 /* Assets.xcassets */; };
		E3AED3A92BB22AE600616890 /* Preview Assets.xcassets in Resources */ = {isa = PBXBuildFile; fileRef = E3AED3A82BB22AE600616890 /* Preview Assets.xcassets */; };
/* End PBXBuildFile section */

/* Begin PBXFileReference section */
		E37839652BB234A600B75D38 /* CircleImage.swift */ = {isa = PBXFileReference; lastKnownFileType = sourcecode.swift; path = CircleImage.swift; sourceTree = "<group>"; };
		E37839672BB2366C00B75D38 /* MapView.swift */ = {isa = PBXFileReference; lastKnownFileType = sourcecode.swift; path = MapView.swift; sourceTree = "<group>"; };
		E37839692BB23C5D00B75D38 /* landmarkData.json */ = {isa = PBXFileReference; fileEncoding = 4; lastKnownFileType = text.json; path = landmarkData.json; sourceTree = "<group>"; };
		E378396B2BB23C7F00B75D38 /* Landmark.swift */ = {isa = PBXFileReference; lastKnownFileType = sourcecode.swift; path = Landmark.swift; sourceTree = "<group>"; };
		E378396D2BB2401100B75D38 /* ModelData.swift */ = {isa = PBXFileReference; lastKnownFileType = sourcecode.swift; path = ModelData.swift; sourceTree = "<group>"; };
		E37839792BB2423000B75D38 /* LandmarkRow.swift */ = {isa = PBXFileReference; lastKnownFileType = sourcecode.swift; path = LandmarkRow.swift; sourceTree = "<group>"; };
		E378397B2BB246B200B75D38 /* LandmarkList.swift */ = {isa = PBXFileReference; lastKnownFileType = sourcecode.swift; path = LandmarkList.swift; sourceTree = "<group>"; };
		E378397D2BB247F600B75D38 /* LandmarkDetail.swift */ = {isa = PBXFileReference; lastKnownFileType = sourcecode.swift; path = LandmarkDetail.swift; sourceTree = "<group>"; };
		E378397F2BB25FA100B75D38 /* FavoriteButton.swift */ = {isa = PBXFileReference; lastKnownFileType = sourcecode.swift; path = FavoriteButton.swift; sourceTree = "<group>"; };
		E3AED39E2BB22AE000616890 /* Landmark.app */ = {isa = PBXFileReference; explicitFileType = wrapper.application; includeInIndex = 0; path = Landmark.app; sourceTree = BUILT_PRODUCTS_DIR; };
		E3AED3A12BB22AE000616890 /* LandmarkApp.swift */ = {isa = PBXFileReference; lastKnownFileType = sourcecode.swift; path = LandmarkApp.swift; sourceTree = "<group>"; };
		E3AED3A32BB22AE000616890 /* ContentView.swift */ = {isa = PBXFileReference; lastKnownFileType = sourcecode.swift; path = ContentView.swift; sourceTree = "<group>"; };
		E3AED3A52BB22AE600616890 /* Assets.xcassets */ = {isa = PBXFileReference; lastKnownFileType = folder.assetcatalog; path = Assets.xcassets; sourceTree = "<group>"; };
		E3AED3A82BB22AE600616890 /* Preview Assets.xcassets */ = {isa = PBXFileReference; lastKnownFileType = folder.assetcatalog; path = "Preview Assets.xcassets"; sourceTree = "<group>"; };
/* End PBXFileReference section */

/* Begin PBXFrameworksBuildPhase section */
		E3AED39B2BB22AE000616890 /* Frameworks */ = {
			isa = PBXFrameworksBuildPhase;
			buildActionMask = 2147483647;
			files = (
			);
			runOnlyForDeploymentPostprocessing = 0;
		};
/* End PBXFrameworksBuildPhase section */

/* Begin PBXGroup section */
		E37839732BB2416600B75D38 /* Views */ = {
			isa = PBXGroup;
			children = (
				E3AED3A32BB22AE000616890 /* ContentView.swift */,
				E37839652BB234A600B75D38 /* CircleImage.swift */,
				E37839672BB2366C00B75D38 /* MapView.swift */,
				E37839792BB2423000B75D38 /* LandmarkRow.swift */,
				E378397B2BB246B200B75D38 /* LandmarkList.swift */,
				E378397D2BB247F600B75D38 /* LandmarkDetail.swift */,
				E378397F2BB25FA100B75D38 /* FavoriteButton.swift */,
			);
			path = Views;
			sourceTree = "<group>";
		};
		E37839752BB2419B00B75D38 /* Model */ = {
			isa = PBXGroup;
			children = (
				E378396B2BB23C7F00B75D38 /* Landmark.swift */,
				E378396D2BB2401100B75D38 /* ModelData.swift */,
			);
			path = Model;
			sourceTree = "<group>";
		};
		E37839762BB241A700B75D38 /* Resources */ = {
			isa = PBXGroup;
			children = (
				E37839692BB23C5D00B75D38 /* landmarkData.json */,
			);
			path = Resources;
			sourceTree = "<group>";
		};
		E3AED3952BB22AE000616890 = {
			isa = PBXGroup;
			children = (
				E3AED3A02BB22AE000616890 /* Landmark */,
				E3AED39F2BB22AE000616890 /* Products */,
			);
			sourceTree = "<group>";
		};
		E3AED39F2BB22AE000616890 /* Products */ = {
			isa = PBXGroup;
			children = (
				E3AED39E2BB22AE000616890 /* Landmark.app */,
			);
			name = Products;
			sourceTree = "<group>";
		};
		E3AED3A02BB22AE000616890 /* Landmark */ = {
			isa = PBXGroup;
			children = (
				E3AED3A12BB22AE000616890 /* LandmarkApp.swift */,
				E37839732BB2416600B75D38 /* Views */,
				E37839752BB2419B00B75D38 /* Model */,
				E3AED3A52BB22AE600616890 /* Assets.xcassets */,
				E37839762BB241A700B75D38 /* Resources */,
				E3AED3A72BB22AE600616890 /* Preview Content */,
			);
			path = Landmark;
			sourceTree = "<group>";
		};
		E3AED3A72BB22AE600616890 /* Preview Content */ = {
			isa = PBXGroup;
			children = (
				E3AED3A82BB22AE600616890 /* Preview Assets.xcassets */,
			);
			path = "Preview Content";
			sourceTree = "<group>";
		};
/* End PBXGroup section */

/* Begin PBXNativeTarget section */
		E3AED39D2BB22AE000616890 /* Landmark */ = {
			isa = PBXNativeTarget;
			buildConfigurationList = E3AED3AC2BB22AE600616890 /* Build configuration list for PBXNativeTarget "Landmark" */;
			buildPhases = (
				E3AED39A2BB22AE000616890 /* Sources */,
				E3AED39B2BB22AE000616890 /* Frameworks */,
				E3AED39C2BB22AE000616890 /* Resources */,
			);
			buildRules = (
			);
			dependencies = (
			);
			name = Landmark;
			productName = Landmark;
			productReference = E3AED39E2BB22AE000616890 /* Landmark.app */;
			productType = "com.apple.product-type.application";
		};
/* End PBXNativeTarget section */

/* Begin PBXProject section */
		E3AED3962BB22AE000616890 /* Project object */ = {
			isa = PBXProject;
			attributes = {
				BuildIndependentTargetsInParallel = 1;
				LastSwiftUpdateCheck = 1300;
				LastUpgradeCheck = 1300;
				TargetAttributes = {
					E3AED39D2BB22AE000616890 = {
						CreatedOnToolsVersion = 13.0;
					};
				};
			};
			buildConfigurationList = E3AED3992BB22AE000616890 /* Build configuration list for PBXProject "Landmark" */;
			compatibilityVersion = "Xcode 13.0";
			developmentRegion = en;
			hasScannedForEncodings = 0;
			knownRegions = (
				en,
				Base,
			);
			mainGroup = E3AED3952BB22AE000616890;
			productRefGroup = E3AED39F2BB22AE000616890 /* Products */;
			projectDirPath = "";
			projectRoot = "";
			targets = (
				E3AED39D2BB22AE000616890 /* Landmark */,
			);
		};
/* End PBXProject section */

/* Begin PBXResourcesBuildPhase section */
		E3AED39C2BB22AE000616890 /* Resources */ = {
			isa = PBXResourcesBuildPhase;
			buildActionMask = 2147483647;
			files = (
				E3AED3A92BB22AE600616890 /* Preview Assets.xcassets in Resources */,
				E3AED3A62BB22AE600616890 /* Assets.xcassets in Resources */,
				E378396A2BB23C5E00B75D38 /* landmarkData.json in Resources */,
			);
			runOnlyForDeploymentPostprocessing = 0;
		};
/* End PBXResourcesBuildPhase section */

/* Begin PBXSourcesBuildPhase section */
		E3AED39A2BB22AE000616890 /* Sources */ = {
			isa = PBXSourcesBuildPhase;
			buildActionMask = 2147483647;
			files = (
				E3AED3A42BB22AE000616890 /* ContentView.swift in Sources */,
				E37839682BB2366C00B75D38 /* MapView.swift in Sources */,
				E3AED3A22BB22AE000616890 /* LandmarkApp.swift in Sources */,
				E37839802BB25FA300B75D38 /* FavoriteButton.swift in Sources */,
				E378397C2BB246B200B75D38 /* LandmarkList.swift in Sources */,
				E378397E2BB247F600B75D38 /* LandmarkDetail.swift in Sources */,
				E37839662BB234A600B75D38 /* CircleImage.swift in Sources */,
				E378396C2BB23C7F00B75D38 /* Landmark.swift in Sources */,
				E378397A2BB2423000B75D38 /* LandmarkRow.swift in Sources */,
				E378396E2BB2401100B75D38 /* ModelData.swift in Sources */,
			);
			runOnlyForDeploymentPostprocessing = 0;
		};
/* End PBXSourcesBuildPhase section */

/* Begin XCBuildConfiguration section */
		E3AED3AA2BB22AE600616890 /* Debug */ = {
			isa = XCBuildConfiguration;
			buildSettings = {
				ALWAYS_SEARCH_USER_PATHS = NO;
				CLANG_ANALYZER_NONNULL = YES;
				CLANG_ANALYZER_NUMBER_OBJECT_CONVERSION = YES_AGGRESSIVE;
				CLANG_CXX_LANGUAGE_STANDARD = "gnu++17";
				CLANG_CXX_LIBRARY = "libc++";
				CLANG_ENABLE_MODULES = YES;
				CLANG_ENABLE_OBJC_ARC = YES;
				CLANG_ENABLE_OBJC_WEAK = YES;
				CLANG_WARN_BLOCK_CAPTURE_AUTORELEASING = YES;
				CLANG_WARN_BOOL_CONVERSION = YES;
				CLANG_WARN_COMMA = YES;
				CLANG_WARN_CONSTANT_CONVERSION = YES;
				CLANG_WARN_DEPRECATED_OBJC_IMPLEMENTATIONS = YES;
				CLANG_WARN_DIRECT_OBJC_ISA_USAGE = YES_ERROR;
				CLANG_WARN_DOCUMENTATION_COMMENTS = YES;
				CLANG_WARN_EMPTY_BODY = YES;
				CLANG_WARN_ENUM_CONVERSION = YES;
				CLANG_WARN_INFINITE_RECURSION = YES;
				CLANG_WARN_INT_CONVERSION = YES;
				CLANG_WARN_NON_LITERAL_NULL_CONVERSION = YES;
				CLANG_WARN_OBJC_IMPLICIT_RETAIN_SELF = YES;
				CLANG_WARN_OBJC_LITERAL_CONVERSION = YES;
				CLANG_WARN_OBJC_ROOT_CLASS = YES_ERROR;
				CLANG_WARN_QUOTED_INCLUDE_IN_FRAMEWORK_HEADER = YES;
				CLANG_WARN_RANGE_LOOP_ANALYSIS = YES;
				CLANG_WARN_STRICT_PROTOTYPES = YES;
				CLANG_WARN_SUSPICIOUS_MOVE = YES;
				CLANG_WARN_UNGUARDED_AVAILABILITY = YES_AGGRESSIVE;
				CLANG_WARN_UNREACHABLE_CODE = YES;
				CLANG_WARN__DUPLICATE_METHOD_MATCH = YES;
				COPY_PHASE_STRIP = NO;
				DEBUG_INFORMATION_FORMAT = dwarf;
				ENABLE_STRICT_OBJC_MSGSEND = YES;
				ENABLE_TESTABILITY = YES;
				GCC_C_LANGUAGE_STANDARD = gnu11;
				GCC_DYNAMIC_NO_PIC = NO;
				GCC_NO_COMMON_BLOCKS = YES;
				GCC_OPTIMIZATION_LEVEL = 0;
				GCC_PREPROCESSOR_DEFINITIONS = (
					"DEBUG=1",
					"$(inherited)",
				);
				GCC_WARN_64_TO_32_BIT_CONVERSION = YES;
				GCC_WARN_ABOUT_RETURN_TYPE = YES_ERROR;
				GCC_WARN_UNDECLARED_SELECTOR = YES;
				GCC_WARN_UNINITIALIZED_AUTOS = YES_AGGRESSIVE;
				GCC_WARN_UNUSED_FUNCTION = YES;
				GCC_WARN_UNUSED_VARIABLE = YES;
				IPHONEOS_DEPLOYMENT_TARGET = 15.0;
				MTL_ENABLE_DEBUG_INFO = INCLUDE_SOURCE;
				MTL_FAST_MATH = YES;
				ONLY_ACTIVE_ARCH = YES;
				SDKROOT = iphoneos;
				SWIFT_ACTIVE_COMPILATION_CONDITIONS = DEBUG;
				SWIFT_OPTIMIZATION_LEVEL = "-Onone";
			};
			name = Debug;
		};
		E3AED3AB2BB22AE600616890 /* Release */ = {
			isa = XCBuildConfiguration;
			buildSettings = {
				ALWAYS_SEARCH_USER_PATHS = NO;
				CLANG_ANALYZER_NONNULL = YES;
				CLANG_ANALYZER_NUMBER_OBJECT_CONVERSION = YES_AGGRESSIVE;
				CLANG_CXX_LANGUAGE_STANDARD = "gnu++17";
				CLANG_CXX_LIBRARY = "libc++";
				CLANG_ENABLE_MODULES = YES;
				CLANG_ENABLE_OBJC_ARC = YES;
				CLANG_ENABLE_OBJC_WEAK = YES;
				CLANG_WARN_BLOCK_CAPTURE_AUTORELEASING = YES;
				CLANG_WARN_BOOL_CONVERSION = YES;
				CLANG_WARN_COMMA = YES;
				CLANG_WARN_CONSTANT_CONVERSION = YES;
				CLANG_WARN_DEPRECATED_OBJC_IMPLEMENTATIONS = YES;
				CLANG_WARN_DIRECT_OBJC_ISA_USAGE = YES_ERROR;
				CLANG_WARN_DOCUMENTATION_COMMENTS = YES;
				CLANG_WARN_EMPTY_BODY = YES;
				CLANG_WARN_ENUM_CONVERSION = YES;
				CLANG_WARN_INFINITE_RECURSION = YES;
				CLANG_WARN_INT_CONVERSION = YES;
				CLANG_WARN_NON_LITERAL_NULL_CONVERSION = YES;
				CLANG_WARN_OBJC_IMPLICIT_RETAIN_SELF = YES;
				CLANG_WARN_OBJC_LITERAL_CONVERSION = YES;
				CLANG_WARN_OBJC_ROOT_CLASS = YES_ERROR;
				CLANG_WARN_QUOTED_INCLUDE_IN_FRAMEWORK_HEADER = YES;
				CLANG_WARN_RANGE_LOOP_ANALYSIS = YES;
				CLANG_WARN_STRICT_PROTOTYPES = YES;
				CLANG_WARN_SUSPICIOUS_MOVE = YES;
				CLANG_WARN_UNGUARDED_AVAILABILITY = YES_AGGRESSIVE;
				CLANG_WARN_UNREACHABLE_CODE = YES;
				CLANG_WARN__DUPLICATE_METHOD_MATCH = YES;
				COPY_PHASE_STRIP = NO;
				DEBUG_INFORMATION_FORMAT = "dwarf-with-dsym";
				ENABLE_NS_ASSERTIONS = NO;
				ENABLE_STRICT_OBJC_MSGSEND = YES;
				GCC_C_LANGUAGE_STANDARD = gnu11;
				GCC_NO_COMMON_BLOCKS = YES;
				GCC_WARN_64_TO_32_BIT_CONVERSION = YES;
				GCC_WARN_ABOUT_RETURN_TYPE = YES_ERROR;
				GCC_WARN_UNDECLARED_SELECTOR = YES;
				GCC_WARN_UNINITIALIZED_AUTOS = YES_AGGRESSIVE;
				GCC_WARN_UNUSED_FUNCTION = YES;
				GCC_WARN_UNUSED_VARIABLE = YES;
				IPHONEOS_DEPLOYMENT_TARGET = 15.0;
				MTL_ENABLE_DEBUG_INFO = NO;
				MTL_FAST_MATH = YES;
				SDKROOT = iphoneos;
				SWIFT_COMPILATION_MODE = wholemodule;
				SWIFT_OPTIMIZATION_LEVEL = "-O";
				VALIDATE_PRODUCT = YES;
			};
			name = Release;
		};
		E3AED3AD2BB22AE600616890 /* Debug */ = {
			isa = XCBuildConfiguration;
			buildSettings = {
				ASSETCATALOG_COMPILER_APPICON_NAME = AppIcon;
				ASSETCATALOG_COMPILER_GLOBAL_ACCENT_COLOR_NAME = AccentColor;
				CODE_SIGN_STYLE = Automatic;
				CURRENT_PROJECT_VERSION = 1;
				DEVELOPMENT_ASSET_PATHS = "\"Landmark/Preview Content\"";
				DEVELOPMENT_TEAM = 3WS7A28N5T;
				ENABLE_PREVIEWS = YES;
				GENERATE_INFOPLIST_FILE = YES;
				INFOPLIST_KEY_UIApplicationSceneManifest_Generation = YES;
				INFOPLIST_KEY_UIApplicationSupportsIndirectInputEvents = YES;
				INFOPLIST_KEY_UILaunchScreen_Generation = YES;
				INFOPLIST_KEY_UISupportedInterfaceOrientations_iPad = "UIInterfaceOrientationPortrait UIInterfaceOrientationPortraitUpsideDown UIInterfaceOrientationLandscapeLeft UIInterfaceOrientationLandscapeRight";
				INFOPLIST_KEY_UISupportedInterfaceOrientations_iPhone = "UIInterfaceOrientationPortrait UIInterfaceOrientationLandscapeLeft UIInterfaceOrientationLandscapeRight";
				IPHONEOS_DEPLOYMENT_TARGET = 14.0;
				LD_RUNPATH_SEARCH_PATHS = (
					"$(inherited)",
					"@executable_path/Frameworks",
				);
				MARKETING_VERSION = 1.0;
				PRODUCT_BUNDLE_IDENTIFIER = mcc.Landmark;
				PRODUCT_NAME = "$(TARGET_NAME)";
				SWIFT_EMIT_LOC_STRINGS = YES;
				SWIFT_VERSION = 5.0;
				TARGETED_DEVICE_FAMILY = "1,2";
			};
			name = Debug;
		};
		E3AED3AE2BB22AE600616890 /* Release */ = {
			isa = XCBuildConfiguration;
			buildSettings = {
				ASSETCATALOG_COMPILER_APPICON_NAME = AppIcon;
				ASSETCATALOG_COMPILER_GLOBAL_ACCENT_COLOR_NAME = AccentColor;
				CODE_SIGN_STYLE = Automatic;
				CURRENT_PROJECT_VERSION = 1;
				DEVELOPMENT_ASSET_PATHS = "\"Landmark/Preview Content\"";
				DEVELOPMENT_TEAM = 3WS7A28N5T;
				ENABLE_PREVIEWS = YES;
				GENERATE_INFOPLIST_FILE = YES;
				INFOPLIST_KEY_UIApplicationSceneManifest_Generation = YES;
				INFOPLIST_KEY_UIApplicationSupportsIndirectInputEvents = YES;
				INFOPLIST_KEY_UILaunchScreen_Generation = YES;
				INFOPLIST_KEY_UISupportedInterfaceOrientations_iPad = "UIInterfaceOrientationPortrait UIInterfaceOrientationPortraitUpsideDown UIInterfaceOrientationLandscapeLeft UIInterfaceOrientationLandscapeRight";
				INFOPLIST_KEY_UISupportedInterfaceOrientations_iPhone = "UIInterfaceOrientationPortrait UIInterfaceOrientationLandscapeLeft UIInterfaceOrientationLandscapeRight";
				IPHONEOS_DEPLOYMENT_TARGET = 14.0;
				LD_RUNPATH_SEARCH_PATHS = (
					"$(inherited)",
					"@executable_path/Frameworks",
				);
				MARKETING_VERSION = 1.0;
				PRODUCT_BUNDLE_IDENTIFIER = mcc.Landmark;
				PRODUCT_NAME = "$(TARGET_NAME)";
				SWIFT_EMIT_LOC_STRINGS = YES;
				SWIFT_VERSION = 5.0;
				TARGETED_DEVICE_FAMILY = "1,2";
			};
			name = Release;
		};
/* End XCBuildConfiguration section */

/* Begin XCConfigurationList section */
		E3AED3992BB22AE000616890 /* Build configuration list for PBXProject "Landmark" */ = {
			isa = XCConfigurationList;
			buildConfigurations = (
				E3AED3AA2BB22AE600616890 /* Debug */,
				E3AED3AB2BB22AE600616890 /* Release */,
			);
			defaultConfigurationIsVisible = 0;
			defaultConfigurationName = Release;
		};
		E3AED3AC2BB22AE600616890 /* Build configuration list for PBXNativeTarget "Landmark" */ = {
			isa = XCConfigurationList;
			buildConfigurations = (
				E3AED3AD2BB22AE600616890 /* Debug */,
				E3AED3AE2BB22AE600616890 /* Release */,
			);
			defaultConfigurationIsVisible = 0;
			defaultConfigurationName = Release;
		};
/* End XCConfigurationList section */
	};
	rootObject = E3AED3962BB22AE000616890 /* Project object */;
}
