// !$*UTF8*$!
{
	archiveVersion = 1;
	classes = {
	};
	objectVersion = 55;
	objects = {

/* Begin PBXBuildFile section */
		E35A1E082B99697B000910DA /* AppDelegate.swift in Sources */ = {isa = PBXBuildFile; fileRef = E35A1E072B99697B000910DA /* AppDelegate.swift */; };
		E35A1E0A2B99697B000910DA /* SceneDelegate.swift in Sources */ = {isa = PBXBuildFile; fileRef = E35A1E092B99697B000910DA /* SceneDelegate.swift */; };
		E35A1E0C2B99697B000910DA /* ViewController.swift in Sources */ = {isa = PBXBuildFile; fileRef = E35A1E0B2B99697B000910DA /* ViewController.swift */; };
		E35A1E0F2B99697B000910DA /* Main.storyboard in Resources */ = {isa = PBXBuildFile; fileRef = E35A1E0D2B99697B000910DA /* Main.storyboard */; };
		E35A1E122B99697B000910DA /* DataPApp.xcdatamodeld in Sources */ = {isa = PBXBuildFile; fileRef = E35A1E102B99697B000910DA /* DataPApp.xcdatamodeld */; };
		E35A1E142B996981000910DA /* Assets.xcassets in Resources */ = {isa = PBXBuildFile; fileRef = E35A1E132B996981000910DA /* Assets.xcassets */; };
		E35A1E172B996981000910DA /* LaunchScreen.storyboard in Resources */ = {isa = PBXBuildFile; fileRef = E35A1E152B996981000910DA /* LaunchScreen.storyboard */; };
		E35A1E222B996982000910DA /* DataPAppTests.swift in Sources */ = {isa = PBXBuildFile; fileRef = E35A1E212B996982000910DA /* DataPAppTests.swift */; };
		E35A1E2C2B996982000910DA /* DataPAppUITests.swift in Sources */ = {isa = PBXBuildFile; fileRef = E35A1E2B2B996982000910DA /* DataPAppUITests.swift */; };
		E35A1E2E2B996982000910DA /* DataPAppUITestsLaunchTests.swift in Sources */ = {isa = PBXBuildFile; fileRef = E35A1E2D2B996982000910DA /* DataPAppUITestsLaunchTests.swift */; };
/* End PBXBuildFile section */

/* Begin PBXContainerItemProxy section */
		E35A1E1E2B996982000910DA /* PBXContainerItemProxy */ = {
			isa = PBXContainerItemProxy;
			containerPortal = E35A1DFC2B99697B000910DA /* Project object */;
			proxyType = 1;
			remoteGlobalIDString = E35A1E032B99697B000910DA;
			remoteInfo = DataPApp;
		};
		E35A1E282B996982000910DA /* PBXContainerItemProxy */ = {
			isa = PBXContainerItemProxy;
			containerPortal = E35A1DFC2B99697B000910DA /* Project object */;
			proxyType = 1;
			remoteGlobalIDString = E35A1E032B99697B000910DA;
			remoteInfo = DataPApp;
		};
/* End PBXContainerItemProxy section */

/* Begin PBXFileReference section */
		E35A1E042B99697B000910DA /* DataPApp.app */ = {isa = PBXFileReference; explicitFileType = wrapper.application; includeInIndex = 0; path = DataPApp.app; sourceTree = BUILT_PRODUCTS_DIR; };
		E35A1E072B99697B000910DA /* AppDelegate.swift */ = {isa = PBXFileReference; lastKnownFileType = sourcecode.swift; path = AppDelegate.swift; sourceTree = "<group>"; };
		E35A1E092B99697B000910DA /* SceneDelegate.swift */ = {isa = PBXFileReference; lastKnownFileType = sourcecode.swift; path = SceneDelegate.swift; sourceTree = "<group>"; };
		E35A1E0B2B99697B000910DA /* ViewController.swift */ = {isa = PBXFileReference; lastKnownFileType = sourcecode.swift; path = ViewController.swift; sourceTree = "<group>"; };
		E35A1E0E2B99697B000910DA /* Base */ = {isa = PBXFileReference; lastKnownFileType = file.storyboard; name = Base; path = Base.lproj/Main.storyboard; sourceTree = "<group>"; };
		E35A1E112B99697B000910DA /* DataPApp.xcdatamodel */ = {isa = PBXFileReference; lastKnownFileType = wrapper.xcdatamodel; path = DataPApp.xcdatamodel; sourceTree = "<group>"; };
		E35A1E132B996981000910DA /* Assets.xcassets */ = {isa = PBXFileReference; lastKnownFileType = folder.assetcatalog; path = Assets.xcassets; sourceTree = "<group>"; };
		E35A1E162B996981000910DA /* Base */ = {isa = PBXFileReference; lastKnownFileType = file.storyboard; name = Base; path = Base.lproj/LaunchScreen.storyboard; sourceTree = "<group>"; };
		E35A1E182B996981000910DA /* Info.plist */ = {isa = PBXFileReference; lastKnownFileType = text.plist.xml; path = Info.plist; sourceTree = "<group>"; };
		E35A1E1D2B996982000910DA /* DataPAppTests.xctest */ = {isa = PBXFileReference; explicitFileType = wrapper.cfbundle; includeInIndex = 0; path = DataPAppTests.xctest; sourceTree = BUILT_PRODUCTS_DIR; };
		E35A1E212B996982000910DA /* DataPAppTests.swift */ = {isa = PBXFileReference; lastKnownFileType = sourcecode.swift; path = DataPAppTests.swift; sourceTree = "<group>"; };
		E35A1E272B996982000910DA /* DataPAppUITests.xctest */ = {isa = PBXFileReference; explicitFileType = wrapper.cfbundle; includeInIndex = 0; path = DataPAppUITests.xctest; sourceTree = BUILT_PRODUCTS_DIR; };
		E35A1E2B2B996982000910DA /* DataPAppUITests.swift */ = {isa = PBXFileReference; lastKnownFileType = sourcecode.swift; path = DataPAppUITests.swift; sourceTree = "<group>"; };
		E35A1E2D2B996982000910DA /* DataPAppUITestsLaunchTests.swift */ = {isa = PBXFileReference; lastKnownFileType = sourcecode.swift; path = DataPAppUITestsLaunchTests.swift; sourceTree = "<group>"; };
/* End PBXFileReference section */

/* Begin PBXFrameworksBuildPhase section */
		E35A1E012B99697B000910DA /* Frameworks */ = {
			isa = PBXFrameworksBuildPhase;
			buildActionMask = 2147483647;
			files = (
			);
			runOnlyForDeploymentPostprocessing = 0;
		};
		E35A1E1A2B996982000910DA /* Frameworks */ = {
			isa = PBXFrameworksBuildPhase;
			buildActionMask = 2147483647;
			files = (
			);
			runOnlyForDeploymentPostprocessing = 0;
		};
		E35A1E242B996982000910DA /* Frameworks */ = {
			isa = PBXFrameworksBuildPhase;
			buildActionMask = 2147483647;
			files = (
			);
			runOnlyForDeploymentPostprocessing = 0;
		};
/* End PBXFrameworksBuildPhase section */

/* Begin PBXGroup section */
		E35A1DFB2B99697B000910DA = {
			isa = PBXGroup;
			children = (
				E35A1E062B99697B000910DA /* DataPApp */,
				E35A1E202B996982000910DA /* DataPAppTests */,
				E35A1E2A2B996982000910DA /* DataPAppUITests */,
				E35A1E052B99697B000910DA /* Products */,
			);
			sourceTree = "<group>";
		};
		E35A1E052B99697B000910DA /* Products */ = {
			isa = PBXGroup;
			children = (
				E35A1E042B99697B000910DA /* DataPApp.app */,
				E35A1E1D2B996982000910DA /* DataPAppTests.xctest */,
				E35A1E272B996982000910DA /* DataPAppUITests.xctest */,
			);
			name = Products;
			sourceTree = "<group>";
		};
		E35A1E062B99697B000910DA /* DataPApp */ = {
			isa = PBXGroup;
			children = (
				E35A1E072B99697B000910DA /* AppDelegate.swift */,
				E35A1E092B99697B000910DA /* SceneDelegate.swift */,
				E35A1E0B2B99697B000910DA /* ViewController.swift */,
				E35A1E0D2B99697B000910DA /* Main.storyboard */,
				E35A1E132B996981000910DA /* Assets.xcassets */,
				E35A1E152B996981000910DA /* LaunchScreen.storyboard */,
				E35A1E182B996981000910DA /* Info.plist */,
				E35A1E102B99697B000910DA /* DataPApp.xcdatamodeld */,
			);
			path = DataPApp;
			sourceTree = "<group>";
		};
		E35A1E202B996982000910DA /* DataPAppTests */ = {
			isa = PBXGroup;
			children = (
				E35A1E212B996982000910DA /* DataPAppTests.swift */,
			);
			path = DataPAppTests;
			sourceTree = "<group>";
		};
		E35A1E2A2B996982000910DA /* DataPAppUITests */ = {
			isa = PBXGroup;
			children = (
				E35A1E2B2B996982000910DA /* DataPAppUITests.swift */,
				E35A1E2D2B996982000910DA /* DataPAppUITestsLaunchTests.swift */,
			);
			path = DataPAppUITests;
			sourceTree = "<group>";
		};
/* End PBXGroup section */

/* Begin PBXNativeTarget section */
		E35A1E032B99697B000910DA /* DataPApp */ = {
			isa = PBXNativeTarget;
			buildConfigurationList = E35A1E312B996982000910DA /* Build configuration list for PBXNativeTarget "DataPApp" */;
			buildPhases = (
				E35A1E002B99697B000910DA /* Sources */,
				E35A1E012B99697B000910DA /* Frameworks */,
				E35A1E022B99697B000910DA /* Resources */,
			);
			buildRules = (
			);
			dependencies = (
			);
			name = DataPApp;
			productName = DataPApp;
			productReference = E35A1E042B99697B000910DA /* DataPApp.app */;
			productType = "com.apple.product-type.application";
		};
		E35A1E1C2B996982000910DA /* DataPAppTests */ = {
			isa = PBXNativeTarget;
			buildConfigurationList = E35A1E342B996982000910DA /* Build configuration list for PBXNativeTarget "DataPAppTests" */;
			buildPhases = (
				E35A1E192B996982000910DA /* Sources */,
				E35A1E1A2B996982000910DA /* Frameworks */,
				E35A1E1B2B996982000910DA /* Resources */,
			);
			buildRules = (
			);
			dependencies = (
				E35A1E1F2B996982000910DA /* PBXTargetDependency */,
			);
			name = DataPAppTests;
			productName = DataPAppTests;
			productReference = E35A1E1D2B996982000910DA /* DataPAppTests.xctest */;
			productType = "com.apple.product-type.bundle.unit-test";
		};
		E35A1E262B996982000910DA /* DataPAppUITests */ = {
			isa = PBXNativeTarget;
			buildConfigurationList = E35A1E372B996982000910DA /* Build configuration list for PBXNativeTarget "DataPAppUITests" */;
			buildPhases = (
				E35A1E232B996982000910DA /* Sources */,
				E35A1E242B996982000910DA /* Frameworks */,
				E35A1E252B996982000910DA /* Resources */,
			);
			buildRules = (
			);
			dependencies = (
				E35A1E292B996982000910DA /* PBXTargetDependency */,
			);
			name = DataPAppUITests;
			productName = DataPAppUITests;
			productReference = E35A1E272B996982000910DA /* DataPAppUITests.xctest */;
			productType = "com.apple.product-type.bundle.ui-testing";
		};
/* End PBXNativeTarget section */

/* Begin PBXProject section */
		E35A1DFC2B99697B000910DA /* Project object */ = {
			isa = PBXProject;
			attributes = {
				BuildIndependentTargetsInParallel = 1;
				LastSwiftUpdateCheck = 1300;
				LastUpgradeCheck = 1300;
				TargetAttributes = {
					E35A1E032B99697B000910DA = {
						CreatedOnToolsVersion = 13.0;
					};
					E35A1E1C2B996982000910DA = {
						CreatedOnToolsVersion = 13.0;
						TestTargetID = E35A1E032B99697B000910DA;
					};
					E35A1E262B996982000910DA = {
						CreatedOnToolsVersion = 13.0;
						TestTargetID = E35A1E032B99697B000910DA;
					};
				};
			};
			buildConfigurationList = E35A1DFF2B99697B000910DA /* Build configuration list for PBXProject "DataPApp" */;
			compatibilityVersion = "Xcode 13.0";
			developmentRegion = en;
			hasScannedForEncodings = 0;
			knownRegions = (
				en,
				Base,
			);
			mainGroup = E35A1DFB2B99697B000910DA;
			productRefGroup = E35A1E052B99697B000910DA /* Products */;
			projectDirPath = "";
			projectRoot = "";
			targets = (
				E35A1E032B99697B000910DA /* DataPApp */,
				E35A1E1C2B996982000910DA /* DataPAppTests */,
				E35A1E262B996982000910DA /* DataPAppUITests */,
			);
		};
/* End PBXProject section */

/* Begin PBXResourcesBuildPhase section */
		E35A1E022B99697B000910DA /* Resources */ = {
			isa = PBXResourcesBuildPhase;
			buildActionMask = 2147483647;
			files = (
				E35A1E172B996981000910DA /* LaunchScreen.storyboard in Resources */,
				E35A1E142B996981000910DA /* Assets.xcassets in Resources */,
				E35A1E0F2B99697B000910DA /* Main.storyboard in Resources */,
			);
			runOnlyForDeploymentPostprocessing = 0;
		};
		E35A1E1B2B996982000910DA /* Resources */ = {
			isa = PBXResourcesBuildPhase;
			buildActionMask = 2147483647;
			files = (
			);
			runOnlyForDeploymentPostprocessing = 0;
		};
		E35A1E252B996982000910DA /* Resources */ = {
			isa = PBXResourcesBuildPhase;
			buildActionMask = 2147483647;
			files = (
			);
			runOnlyForDeploymentPostprocessing = 0;
		};
/* End PBXResourcesBuildPhase section */

/* Begin PBXSourcesBuildPhase section */
		E35A1E002B99697B000910DA /* Sources */ = {
			isa = PBXSourcesBuildPhase;
			buildActionMask = 2147483647;
			files = (
				E35A1E122B99697B000910DA /* DataPApp.xcdatamodeld in Sources */,
				E35A1E0C2B99697B000910DA /* ViewController.swift in Sources */,
				E35A1E082B99697B000910DA /* AppDelegate.swift in Sources */,
				E35A1E0A2B99697B000910DA /* SceneDelegate.swift in Sources */,
			);
			runOnlyForDeploymentPostprocessing = 0;
		};
		E35A1E192B996982000910DA /* Sources */ = {
			isa = PBXSourcesBuildPhase;
			buildActionMask = 2147483647;
			files = (
				E35A1E222B996982000910DA /* DataPAppTests.swift in Sources */,
			);
			runOnlyForDeploymentPostprocessing = 0;
		};
		E35A1E232B996982000910DA /* Sources */ = {
			isa = PBXSourcesBuildPhase;
			buildActionMask = 2147483647;
			files = (
				E35A1E2E2B996982000910DA /* DataPAppUITestsLaunchTests.swift in Sources */,
				E35A1E2C2B996982000910DA /* DataPAppUITests.swift in Sources */,
			);
			runOnlyForDeploymentPostprocessing = 0;
		};
/* End PBXSourcesBuildPhase section */

/* Begin PBXTargetDependency section */
		E35A1E1F2B996982000910DA /* PBXTargetDependency */ = {
			isa = PBXTargetDependency;
			target = E35A1E032B99697B000910DA /* DataPApp */;
			targetProxy = E35A1E1E2B996982000910DA /* PBXContainerItemProxy */;
		};
		E35A1E292B996982000910DA /* PBXTargetDependency */ = {
			isa = PBXTargetDependency;
			target = E35A1E032B99697B000910DA /* DataPApp */;
			targetProxy = E35A1E282B996982000910DA /* PBXContainerItemProxy */;
		};
/* End PBXTargetDependency section */

/* Begin PBXVariantGroup section */
		E35A1E0D2B99697B000910DA /* Main.storyboard */ = {
			isa = PBXVariantGroup;
			children = (
				E35A1E0E2B99697B000910DA /* Base */,
			);
			name = Main.storyboard;
			sourceTree = "<group>";
		};
		E35A1E152B996981000910DA /* LaunchScreen.storyboard */ = {
			isa = PBXVariantGroup;
			children = (
				E35A1E162B996981000910DA /* Base */,
			);
			name = LaunchScreen.storyboard;
			sourceTree = "<group>";
		};
/* End PBXVariantGroup section */

/* Begin XCBuildConfiguration section */
		E35A1E2F2B996982000910DA /* Debug */ = {
			isa = XCBuildConfiguration;
			buildSettings = {
				ALWAYS_SEARCH_USER_PATHS = NO;
				CLANG_ANALYZER_NONNULL = YES;
				CLANG_ANALYZER_NUMBER_OBJECT_CONVERSION = YES_AGGRESSIVE;
				CLANG_CXX_LANGUAGE_STANDARD = "gnu++17";
				CLANG_CXX_LIBRARY = "libc++";
				CLANG_ENABLE_MODULES = YES;
				CLANG_ENABLE_OBJC_ARC = YES;
				CLANG_ENABLE_OBJC_WEAK = YES;
				CLANG_WARN_BLOCK_CAPTURE_AUTORELEASING = YES;
				CLANG_WARN_BOOL_CONVERSION = YES;
				CLANG_WARN_COMMA = YES;
				CLANG_WARN_CONSTANT_CONVERSION = YES;
				CLANG_WARN_DEPRECATED_OBJC_IMPLEMENTATIONS = YES;
				CLANG_WARN_DIRECT_OBJC_ISA_USAGE = YES_ERROR;
				CLANG_WARN_DOCUMENTATION_COMMENTS = YES;
				CLANG_WARN_EMPTY_BODY = YES;
				CLANG_WARN_ENUM_CONVERSION = YES;
				CLANG_WARN_INFINITE_RECURSION = YES;
				CLANG_WARN_INT_CONVERSION = YES;
				CLANG_WARN_NON_LITERAL_NULL_CONVERSION = YES;
				CLANG_WARN_OBJC_IMPLICIT_RETAIN_SELF = YES;
				CLANG_WARN_OBJC_LITERAL_CONVERSION = YES;
				CLANG_WARN_OBJC_ROOT_CLASS = YES_ERROR;
				CLANG_WARN_QUOTED_INCLUDE_IN_FRAMEWORK_HEADER = YES;
				CLANG_WARN_RANGE_LOOP_ANALYSIS = YES;
				CLANG_WARN_STRICT_PROTOTYPES = YES;
				CLANG_WARN_SUSPICIOUS_MOVE = YES;
				CLANG_WARN_UNGUARDED_AVAILABILITY = YES_AGGRESSIVE;
				CLANG_WARN_UNREACHABLE_CODE = YES;
				CLANG_WARN__DUPLICATE_METHOD_MATCH = YES;
				COPY_PHASE_STRIP = NO;
				DEBUG_INFORMATION_FORMAT = dwarf;
				ENABLE_STRICT_OBJC_MSGSEND = YES;
				ENABLE_TESTABILITY = YES;
				GCC_C_LANGUAGE_STANDARD = gnu11;
				GCC_DYNAMIC_NO_PIC = NO;
				GCC_NO_COMMON_BLOCKS = YES;
				GCC_OPTIMIZATION_LEVEL = 0;
				GCC_PREPROCESSOR_DEFINITIONS = (
					"DEBUG=1",
					"$(inherited)",
				);
				GCC_WARN_64_TO_32_BIT_CONVERSION = YES;
				GCC_WARN_ABOUT_RETURN_TYPE = YES_ERROR;
				GCC_WARN_UNDECLARED_SELECTOR = YES;
				GCC_WARN_UNINITIALIZED_AUTOS = YES_AGGRESSIVE;
				GCC_WARN_UNUSED_FUNCTION = YES;
				GCC_WARN_UNUSED_VARIABLE = YES;
				IPHONEOS_DEPLOYMENT_TARGET = 15.0;
				MTL_ENABLE_DEBUG_INFO = INCLUDE_SOURCE;
				MTL_FAST_MATH = YES;
				ONLY_ACTIVE_ARCH = YES;
				SDKROOT = iphoneos;
				SWIFT_ACTIVE_COMPILATION_CONDITIONS = DEBUG;
				SWIFT_OPTIMIZATION_LEVEL = "-Onone";
			};
			name = Debug;
		};
		E35A1E302B996982000910DA /* Release */ = {
			isa = XCBuildConfiguration;
			buildSettings = {
				ALWAYS_SEARCH_USER_PATHS = NO;
				CLANG_ANALYZER_NONNULL = YES;
				CLANG_ANALYZER_NUMBER_OBJECT_CONVERSION = YES_AGGRESSIVE;
				CLANG_CXX_LANGUAGE_STANDARD = "gnu++17";
				CLANG_CXX_LIBRARY = "libc++";
				CLANG_ENABLE_MODULES = YES;
				CLANG_ENABLE_OBJC_ARC = YES;
				CLANG_ENABLE_OBJC_WEAK = YES;
				CLANG_WARN_BLOCK_CAPTURE_AUTORELEASING = YES;
				CLANG_WARN_BOOL_CONVERSION = YES;
				CLANG_WARN_COMMA = YES;
				CLANG_WARN_CONSTANT_CONVERSION = YES;
				CLANG_WARN_DEPRECATED_OBJC_IMPLEMENTATIONS = YES;
				CLANG_WARN_DIRECT_OBJC_ISA_USAGE = YES_ERROR;
				CLANG_WARN_DOCUMENTATION_COMMENTS = YES;
				CLANG_WARN_EMPTY_BODY = YES;
				CLANG_WARN_ENUM_CONVERSION = YES;
				CLANG_WARN_INFINITE_RECURSION = YES;
				CLANG_WARN_INT_CONVERSION = YES;
				CLANG_WARN_NON_LITERAL_NULL_CONVERSION = YES;
				CLANG_WARN_OBJC_IMPLICIT_RETAIN_SELF = YES;
				CLANG_WARN_OBJC_LITERAL_CONVERSION = YES;
				CLANG_WARN_OBJC_ROOT_CLASS = YES_ERROR;
				CLANG_WARN_QUOTED_INCLUDE_IN_FRAMEWORK_HEADER = YES;
				CLANG_WARN_RANGE_LOOP_ANALYSIS = YES;
				CLANG_WARN_STRICT_PROTOTYPES = YES;
				CLANG_WARN_SUSPICIOUS_MOVE = YES;
				CLANG_WARN_UNGUARDED_AVAILABILITY = YES_AGGRESSIVE;
				CLANG_WARN_UNREACHABLE_CODE = YES;
				CLANG_WARN__DUPLICATE_METHOD_MATCH = YES;
				COPY_PHASE_STRIP = NO;
				DEBUG_INFORMATION_FORMAT = "dwarf-with-dsym";
				ENABLE_NS_ASSERTIONS = NO;
				ENABLE_STRICT_OBJC_MSGSEND = YES;
				GCC_C_LANGUAGE_STANDARD = gnu11;
				GCC_NO_COMMON_BLOCKS = YES;
				GCC_WARN_64_TO_32_BIT_CONVERSION = YES;
				GCC_WARN_ABOUT_RETURN_TYPE = YES_ERROR;
				GCC_WARN_UNDECLARED_SELECTOR = YES;
				GCC_WARN_UNINITIALIZED_AUTOS = YES_AGGRESSIVE;
				GCC_WARN_UNUSED_FUNCTION = YES;
				GCC_WARN_UNUSED_VARIABLE = YES;
				IPHONEOS_DEPLOYMENT_TARGET = 15.0;
				MTL_ENABLE_DEBUG_INFO = NO;
				MTL_FAST_MATH = YES;
				SDKROOT = iphoneos;
				SWIFT_COMPILATION_MODE = wholemodule;
				SWIFT_OPTIMIZATION_LEVEL = "-O";
				VALIDATE_PRODUCT = YES;
			};
			name = Release;
		};
		E35A1E322B996982000910DA /* Debug */ = {
			isa = XCBuildConfiguration;
			buildSettings = {
				ASSETCATALOG_COMPILER_APPICON_NAME = AppIcon;
				ASSETCATALOG_COMPILER_GLOBAL_ACCENT_COLOR_NAME = AccentColor;
				CODE_SIGN_STYLE = Automatic;
				CURRENT_PROJECT_VERSION = 1;
				DEVELOPMENT_TEAM = 3WS7A28N5T;
				GENERATE_INFOPLIST_FILE = YES;
				INFOPLIST_FILE = DataPApp/Info.plist;
				INFOPLIST_KEY_UIApplicationSupportsIndirectInputEvents = YES;
				INFOPLIST_KEY_UILaunchStoryboardName = LaunchScreen;
				INFOPLIST_KEY_UIMainStoryboardFile = Main;
				INFOPLIST_KEY_UISupportedInterfaceOrientations_iPad = "UIInterfaceOrientationPortrait UIInterfaceOrientationPortraitUpsideDown UIInterfaceOrientationLandscapeLeft UIInterfaceOrientationLandscapeRight";
				INFOPLIST_KEY_UISupportedInterfaceOrientations_iPhone = "UIInterfaceOrientationPortrait UIInterfaceOrientationLandscapeLeft UIInterfaceOrientationLandscapeRight";
				LD_RUNPATH_SEARCH_PATHS = (
					"$(inherited)",
					"@executable_path/Frameworks",
				);
				MARKETING_VERSION = 1.0;
				PRODUCT_BUNDLE_IDENTIFIER = mcc.DataPApp;
				PRODUCT_NAME = "$(TARGET_NAME)";
				SWIFT_EMIT_LOC_STRINGS = YES;
				SWIFT_VERSION = 5.0;
				TARGETED_DEVICE_FAMILY = "1,2";
			};
			name = Debug;
		};
		E35A1E332B996982000910DA /* Release */ = {
			isa = XCBuildConfiguration;
			buildSettings = {
				ASSETCATALOG_COMPILER_APPICON_NAME = AppIcon;
				ASSETCATALOG_COMPILER_GLOBAL_ACCENT_COLOR_NAME = AccentColor;
				CODE_SIGN_STYLE = Automatic;
				CURRENT_PROJECT_VERSION = 1;
				DEVELOPMENT_TEAM = 3WS7A28N5T;
				GENERATE_INFOPLIST_FILE = YES;
				INFOPLIST_FILE = DataPApp/Info.plist;
				INFOPLIST_KEY_UIApplicationSupportsIndirectInputEvents = YES;
				INFOPLIST_KEY_UILaunchStoryboardName = LaunchScreen;
				INFOPLIST_KEY_UIMainStoryboardFile = Main;
				INFOPLIST_KEY_UISupportedInterfaceOrientations_iPad = "UIInterfaceOrientationPortrait UIInterfaceOrientationPortraitUpsideDown UIInterfaceOrientationLandscapeLeft UIInterfaceOrientationLandscapeRight";
				INFOPLIST_KEY_UISupportedInterfaceOrientations_iPhone = "UIInterfaceOrientationPortrait UIInterfaceOrientationLandscapeLeft UIInterfaceOrientationLandscapeRight";
				LD_RUNPATH_SEARCH_PATHS = (
					"$(inherited)",
					"@executable_path/Frameworks",
				);
				MARKETING_VERSION = 1.0;
				PRODUCT_BUNDLE_IDENTIFIER = mcc.DataPApp;
				PRODUCT_NAME = "$(TARGET_NAME)";
				SWIFT_EMIT_LOC_STRINGS = YES;
				SWIFT_VERSION = 5.0;
				TARGETED_DEVICE_FAMILY = "1,2";
			};
			name = Release;
		};
		E35A1E352B996982000910DA /* Debug */ = {
			isa = XCBuildConfiguration;
			buildSettings = {
				ALWAYS_EMBED_SWIFT_STANDARD_LIBRARIES = YES;
				BUNDLE_LOADER = "$(TEST_HOST)";
				CODE_SIGN_STYLE = Automatic;
				CURRENT_PROJECT_VERSION = 1;
				DEVELOPMENT_TEAM = 3WS7A28N5T;
				GENERATE_INFOPLIST_FILE = YES;
				IPHONEOS_DEPLOYMENT_TARGET = 15.0;
				LD_RUNPATH_SEARCH_PATHS = (
					"$(inherited)",
					"@executable_path/Frameworks",
					"@loader_path/Frameworks",
				);
				MARKETING_VERSION = 1.0;
				PRODUCT_BUNDLE_IDENTIFIER = mcc.DataPAppTests;
				PRODUCT_NAME = "$(TARGET_NAME)";
				SWIFT_EMIT_LOC_STRINGS = NO;
				SWIFT_VERSION = 5.0;
				TARGETED_DEVICE_FAMILY = "1,2";
				TEST_HOST = "$(BUILT_PRODUCTS_DIR)/DataPApp.app/DataPApp";
			};
			name = Debug;
		};
		E35A1E362B996982000910DA /* Release */ = {
			isa = XCBuildConfiguration;
			buildSettings = {
				ALWAYS_EMBED_SWIFT_STANDARD_LIBRARIES = YES;
				BUNDLE_LOADER = "$(TEST_HOST)";
				CODE_SIGN_STYLE = Automatic;
				CURRENT_PROJECT_VERSION = 1;
				DEVELOPMENT_TEAM = 3WS7A28N5T;
				GENERATE_INFOPLIST_FILE = YES;
				IPHONEOS_DEPLOYMENT_TARGET = 15.0;
				LD_RUNPATH_SEARCH_PATHS = (
					"$(inherited)",
					"@executable_path/Frameworks",
					"@loader_path/Frameworks",
				);
				MARKETING_VERSION = 1.0;
				PRODUCT_BUNDLE_IDENTIFIER = mcc.DataPAppTests;
				PRODUCT_NAME = "$(TARGET_NAME)";
				SWIFT_EMIT_LOC_STRINGS = NO;
				SWIFT_VERSION = 5.0;
				TARGETED_DEVICE_FAMILY = "1,2";
				TEST_HOST = "$(BUILT_PRODUCTS_DIR)/DataPApp.app/DataPApp";
			};
			name = Release;
		};
		E35A1E382B996982000910DA /* Debug */ = {
			isa = XCBuildConfiguration;
			buildSettings = {
				ALWAYS_EMBED_SWIFT_STANDARD_LIBRARIES = YES;
				CODE_SIGN_STYLE = Automatic;
				CURRENT_PROJECT_VERSION = 1;
				DEVELOPMENT_TEAM = 3WS7A28N5T;
				GENERATE_INFOPLIST_FILE = YES;
				LD_RUNPATH_SEARCH_PATHS = (
					"$(inherited)",
					"@executable_path/Frameworks",
					"@loader_path/Frameworks",
				);
				MARKETING_VERSION = 1.0;
				PRODUCT_BUNDLE_IDENTIFIER = mcc.DataPAppUITests;
				PRODUCT_NAME = "$(TARGET_NAME)";
				SWIFT_EMIT_LOC_STRINGS = NO;
				SWIFT_VERSION = 5.0;
				TARGETED_DEVICE_FAMILY = "1,2";
				TEST_TARGET_NAME = DataPApp;
			};
			name = Debug;
		};
		E35A1E392B996982000910DA /* Release */ = {
			isa = XCBuildConfiguration;
			buildSettings = {
				ALWAYS_EMBED_SWIFT_STANDARD_LIBRARIES = YES;
				CODE_SIGN_STYLE = Automatic;
				CURRENT_PROJECT_VERSION = 1;
				DEVELOPMENT_TEAM = 3WS7A28N5T;
				GENERATE_INFOPLIST_FILE = YES;
				LD_RUNPATH_SEARCH_PATHS = (
					"$(inherited)",
					"@executable_path/Frameworks",
					"@loader_path/Frameworks",
				);
				MARKETING_VERSION = 1.0;
				PRODUCT_BUNDLE_IDENTIFIER = mcc.DataPAppUITests;
				PRODUCT_NAME = "$(TARGET_NAME)";
				SWIFT_EMIT_LOC_STRINGS = NO;
				SWIFT_VERSION = 5.0;
				TARGETED_DEVICE_FAMILY = "1,2";
				TEST_TARGET_NAME = DataPApp;
			};
			name = Release;
		};
/* End XCBuildConfiguration section */

/* Begin XCConfigurationList section */
		E35A1DFF2B99697B000910DA /* Build configuration list for PBXProject "DataPApp" */ = {
			isa = XCConfigurationList;
			buildConfigurations = (
				E35A1E2F2B996982000910DA /* Debug */,
				E35A1E302B996982000910DA /* Release */,
			);
			defaultConfigurationIsVisible = 0;
			defaultConfigurationName = Release;
		};
		E35A1E312B996982000910DA /* Build configuration list for PBXNativeTarget "DataPApp" */ = {
			isa = XCConfigurationList;
			buildConfigurations = (
				E35A1E322B996982000910DA /* Debug */,
				E35A1E332B996982000910DA /* Release */,
			);
			defaultConfigurationIsVisible = 0;
			defaultConfigurationName = Release;
		};
		E35A1E342B996982000910DA /* Build configuration list for PBXNativeTarget "DataPAppTests" */ = {
			isa = XCConfigurationList;
			buildConfigurations = (
				E35A1E352B996982000910DA /* Debug */,
				E35A1E362B996982000910DA /* Release */,
			);
			defaultConfigurationIsVisible = 0;
			defaultConfigurationName = Release;
		};
		E35A1E372B996982000910DA /* Build configuration list for PBXNativeTarget "DataPAppUITests" */ = {
			isa = XCConfigurationList;
			buildConfigurations = (
				E35A1E382B996982000910DA /* Debug */,
				E35A1E392B996982000910DA /* Release */,
			);
			defaultConfigurationIsVisible = 0;
			defaultConfigurationName = Release;
		};
/* End XCConfigurationList section */

/* Begin XCVersionGroup section */
		E35A1E102B99697B000910DA /* DataPApp.xcdatamodeld */ = {
			isa = XCVersionGroup;
			children = (
				E35A1E112B99697B000910DA /* DataPApp.xcdatamodel */,
			);
			currentVersion = E35A1E112B99697B000910DA /* DataPApp.xcdatamodel */;
			path = DataPApp.xcdatamodeld;
			sourceTree = "<group>";
			versionGroupType = wrapper.xcdatamodel;
		};
/* End XCVersionGroup section */
	};
	rootObject = E35A1DFC2B99697B000910DA /* Project object */;
}
